
Microsoft Visual Studio Solution File, Format Version 12.00
# Visual Studio Version 16
VisualStudioVersion = 16.0.35130.168
MinimumVisualStudioVersion = 10.0.40219.1
Project("{888888A0-9F3D-457C-B088-3A5042F75D52}") = "Interfaz", "Interfaz\Interfaz.pyproj", "{2CC3D742-DB89-46DE-B9EF-9BC0AAC8C6D8}"
EndProject
Global
	GlobalSection(SolutionConfigurationPlatforms) = preSolution
		Debug|Any CPU = Debug|Any CPU
		Release|Any CPU = Release|Any CPU
	EndGlobalSection
	GlobalSection(ProjectConfigurationPlatforms) = postSolution
		{2CC3D742-DB89-46DE-B9EF-9BC0AAC8C6D8}.Debug|Any CPU.ActiveCfg = Debug|Any CPU
		{2CC3D742-DB89-46DE-B9EF-9BC0AAC8C6D8}.Release|Any CPU.ActiveCfg = Release|Any CPU
	EndGlobalSection
	GlobalSection(SolutionProperties) = preSolution
		HideSolutionNode = FALSE
	EndGlobalSection
	GlobalSection(ExtensibilityGlobals) = postSolution
		SolutionGuid = {4F674431-9492-41C4-A42F-C0D2B9BE6555}
	EndGlobalSection
EndGlobal
